
Microsoft Visual Studio Solution File, Format Version 12.00
# Visual Studio Version 16
VisualStudioVersion = 16.0.29519.87
MinimumVisualStudioVersion = 10.0.40219.1
Project("{9A19103F-16F7-4668-BE54-9A1E7A4F7556}") = "Meta.Escola", "Meta.Escola.csproj", "{17509A49-70FF-4F68-83DE-5A99DA6E9FD3}"
EndProject
Project("{2150E333-8FDC-42A3-9474-1A3956D46DE8}") = "Services", "Services", "{E2DDCC2A-500F-4310-9BC0-C09F98C0B2BC}"
EndProject
Project("{2150E333-8FDC-42A3-9474-1A3956D46DE8}") = "ApplicationCore", "ApplicationCore", "{0D8978A3-A7D8-44E2-9690-F34B0F877694}"
EndProject
Project("{9A19103F-16F7-4668-BE54-9A1E7A4F7556}") = "Meta.Escola.ApplicationCore", "..\Meta.Escola.ApplicationCore\Meta.Escola.ApplicationCore.csproj", "{CD136B64-0A49-4202-B11E-18D2AE2B5DD6}"
EndProject
Project("{2150E333-8FDC-42A3-9474-1A3956D46DE8}") = "Infrastructure", "Infrastructure", "{6C1E2D3B-A15C-4197-8CD8-57069D06EA4A}"
EndProject
Project("{9A19103F-16F7-4668-BE54-9A1E7A4F7556}") = "Meta.Escola.Infra.IoC", "..\Meta.Escola.Infra.IoC\Meta.Escola.Infra.IoC.csproj", "{6E4AEFA8-5400-4FC1-B3BA-1F4FAF49AB18}"
EndProject
Project("{9A19103F-16F7-4668-BE54-9A1E7A4F7556}") = "Meta.Escola.Infra.PersistenceAdapter", "..\Meta.Escola.Infra.PersistenceAdapter\Meta.Escola.Infra.PersistenceAdapter.csproj", "{D7396813-A92E-4BBF-A9DA-923856F007AB}"
EndProject
Global
	GlobalSection(SolutionConfigurationPlatforms) = preSolution
		Debug|Any CPU = Debug|Any CPU
		Release|Any CPU = Release|Any CPU
	EndGlobalSection
	GlobalSection(ProjectConfigurationPlatforms) = postSolution
		{17509A49-70FF-4F68-83DE-5A99DA6E9FD3}.Debug|Any CPU.ActiveCfg = Debug|Any CPU
		{17509A49-70FF-4F68-83DE-5A99DA6E9FD3}.Debug|Any CPU.Build.0 = Debug|Any CPU
		{17509A49-70FF-4F68-83DE-5A99DA6E9FD3}.Release|Any CPU.ActiveCfg = Release|Any CPU
		{17509A49-70FF-4F68-83DE-5A99DA6E9FD3}.Release|Any CPU.Build.0 = Release|Any CPU
		{CD136B64-0A49-4202-B11E-18D2AE2B5DD6}.Debug|Any CPU.ActiveCfg = Debug|Any CPU
		{CD136B64-0A49-4202-B11E-18D2AE2B5DD6}.Debug|Any CPU.Build.0 = Debug|Any CPU
		{CD136B64-0A49-4202-B11E-18D2AE2B5DD6}.Release|Any CPU.ActiveCfg = Release|Any CPU
		{CD136B64-0A49-4202-B11E-18D2AE2B5DD6}.Release|Any CPU.Build.0 = Release|Any CPU
		{6E4AEFA8-5400-4FC1-B3BA-1F4FAF49AB18}.Debug|Any CPU.ActiveCfg = Debug|Any CPU
		{6E4AEFA8-5400-4FC1-B3BA-1F4FAF49AB18}.Debug|Any CPU.Build.0 = Debug|Any CPU
		{6E4AEFA8-5400-4FC1-B3BA-1F4FAF49AB18}.Release|Any CPU.ActiveCfg = Release|Any CPU
		{6E4AEFA8-5400-4FC1-B3BA-1F4FAF49AB18}.Release|Any CPU.Build.0 = Release|Any CPU
		{D7396813-A92E-4BBF-A9DA-923856F007AB}.Debug|Any CPU.ActiveCfg = Debug|Any CPU
		{D7396813-A92E-4BBF-A9DA-923856F007AB}.Debug|Any CPU.Build.0 = Debug|Any CPU
		{D7396813-A92E-4BBF-A9DA-923856F007AB}.Release|Any CPU.ActiveCfg = Release|Any CPU
		{D7396813-A92E-4BBF-A9DA-923856F007AB}.Release|Any CPU.Build.0 = Release|Any CPU
	EndGlobalSection
	GlobalSection(SolutionProperties) = preSolution
		HideSolutionNode = FALSE
	EndGlobalSection
	GlobalSection(NestedProjects) = preSolution
		{17509A49-70FF-4F68-83DE-5A99DA6E9FD3} = {E2DDCC2A-500F-4310-9BC0-C09F98C0B2BC}
		{CD136B64-0A49-4202-B11E-18D2AE2B5DD6} = {0D8978A3-A7D8-44E2-9690-F34B0F877694}
		{6E4AEFA8-5400-4FC1-B3BA-1F4FAF49AB18} = {6C1E2D3B-A15C-4197-8CD8-57069D06EA4A}
		{D7396813-A92E-4BBF-A9DA-923856F007AB} = {6C1E2D3B-A15C-4197-8CD8-57069D06EA4A}
	EndGlobalSection
	GlobalSection(ExtensibilityGlobals) = postSolution
		SolutionGuid = {E4DD6A82-159C-4154-885E-8090F5C320C5}
	EndGlobalSection
EndGlobal
